// !$*UTF8*$!
{
	archiveVersion = 1;
	classes = {
	};
	objectVersion = 55;
	objects = {

/* Begin PBXBuildFile section */
		A820A77F288E774F0076A4E0 /* TestCaseApp.swift in Sources */ = {isa = PBXBuildFile; fileRef = A820A77E288E774F0076A4E0 /* TestCaseApp.swift */; };
		A820A781288E774F0076A4E0 /* HomeView.swift in Sources */ = {isa = PBXBuildFile; fileRef = A820A780288E774F0076A4E0 /* HomeView.swift */; };
		A820A783288E77500076A4E0 /* Assets.xcassets in Resources */ = {isa = PBXBuildFile; fileRef = A820A782288E77500076A4E0 /* Assets.xcassets */; };
		A820A786288E77500076A4E0 /* Preview Assets.xcassets in Resources */ = {isa = PBXBuildFile; fileRef = A820A785288E77500076A4E0 /* Preview Assets.xcassets */; };
		A820A788288E77500076A4E0 /* PersistenceManager.swift in Sources */ = {isa = PBXBuildFile; fileRef = A820A787288E77500076A4E0 /* PersistenceManager.swift */; };
		A820A78B288E77500076A4E0 /* TestCase.xcdatamodeld in Sources */ = {isa = PBXBuildFile; fileRef = A820A789288E77500076A4E0 /* TestCase.xcdatamodeld */; };
		A820A795288E77500076A4E0 /* TestCaseTests.swift in Sources */ = {isa = PBXBuildFile; fileRef = A820A794288E77500076A4E0 /* TestCaseTests.swift */; };
		A820A79F288E77500076A4E0 /* TestCaseUITests.swift in Sources */ = {isa = PBXBuildFile; fileRef = A820A79E288E77500076A4E0 /* TestCaseUITests.swift */; };
		A820A7A1288E77500076A4E0 /* TestCaseUITestsLaunchTests.swift in Sources */ = {isa = PBXBuildFile; fileRef = A820A7A0288E77500076A4E0 /* TestCaseUITestsLaunchTests.swift */; };
		A820A7B1288E787C0076A4E0 /* ResponseDataModel.swift in Sources */ = {isa = PBXBuildFile; fileRef = A820A7B0288E787C0076A4E0 /* ResponseDataModel.swift */; };
		A820A7B3288E7AF70076A4E0 /* HomeViewModel.swift in Sources */ = {isa = PBXBuildFile; fileRef = A820A7B2288E7AF70076A4E0 /* HomeViewModel.swift */; };
		A820A7B8288E7B8F0076A4E0 /* DetailView.swift in Sources */ = {isa = PBXBuildFile; fileRef = A820A7B7288E7B8F0076A4E0 /* DetailView.swift */; };
		A820A7BC288E7BC40076A4E0 /* ResultViewModel.swift in Sources */ = {isa = PBXBuildFile; fileRef = A820A7BB288E7BC40076A4E0 /* ResultViewModel.swift */; };
		A820A7C1288E82E60076A4E0 /* Alamofire in Frameworks */ = {isa = PBXBuildFile; productRef = A820A7C0288E82E60076A4E0 /* Alamofire */; };
		A820A7C5288EA9250076A4E0 /* CollectionRowView.swift in Sources */ = {isa = PBXBuildFile; fileRef = A820A7C4288EA9240076A4E0 /* CollectionRowView.swift */; };
		A820A7C8288EDEDF0076A4E0 /* Constants.swift in Sources */ = {isa = PBXBuildFile; fileRef = A820A7C7288EDEDF0076A4E0 /* Constants.swift */; };
/* End PBXBuildFile section */

/* Begin PBXContainerItemProxy section */
		A820A791288E77500076A4E0 /* PBXContainerItemProxy */ = {
			isa = PBXContainerItemProxy;
			containerPortal = A820A773288E774E0076A4E0 /* Project object */;
			proxyType = 1;
			remoteGlobalIDString = A820A77A288E774E0076A4E0;
			remoteInfo = TestCase;
		};
		A820A79B288E77500076A4E0 /* PBXContainerItemProxy */ = {
			isa = PBXContainerItemProxy;
			containerPortal = A820A773288E774E0076A4E0 /* Project object */;
			proxyType = 1;
			remoteGlobalIDString = A820A77A288E774E0076A4E0;
			remoteInfo = TestCase;
		};
/* End PBXContainerItemProxy section */

/* Begin PBXFileReference section */
		A820A77B288E774F0076A4E0 /* TestCase.app */ = {isa = PBXFileReference; explicitFileType = wrapper.application; includeInIndex = 0; path = TestCase.app; sourceTree = BUILT_PRODUCTS_DIR; };
		A820A77E288E774F0076A4E0 /* TestCaseApp.swift */ = {isa = PBXFileReference; lastKnownFileType = sourcecode.swift; path = TestCaseApp.swift; sourceTree = "<group>"; };
		A820A780288E774F0076A4E0 /* HomeView.swift */ = {isa = PBXFileReference; lastKnownFileType = sourcecode.swift; path = HomeView.swift; sourceTree = "<group>"; };
		A820A782288E77500076A4E0 /* Assets.xcassets */ = {isa = PBXFileReference; lastKnownFileType = folder.assetcatalog; path = Assets.xcassets; sourceTree = "<group>"; };
		A820A785288E77500076A4E0 /* Preview Assets.xcassets */ = {isa = PBXFileReference; lastKnownFileType = folder.assetcatalog; path = "Preview Assets.xcassets"; sourceTree = "<group>"; };
		A820A787288E77500076A4E0 /* PersistenceManager.swift */ = {isa = PBXFileReference; lastKnownFileType = sourcecode.swift; path = PersistenceManager.swift; sourceTree = "<group>"; };
		A820A78A288E77500076A4E0 /* TestCase.xcdatamodel */ = {isa = PBXFileReference; lastKnownFileType = wrapper.xcdatamodel; path = TestCase.xcdatamodel; sourceTree = "<group>"; };
		A820A790288E77500076A4E0 /* TestCaseTests.xctest */ = {isa = PBXFileReference; explicitFileType = wrapper.cfbundle; includeInIndex = 0; path = TestCaseTests.xctest; sourceTree = BUILT_PRODUCTS_DIR; };
		A820A794288E77500076A4E0 /* TestCaseTests.swift */ = {isa = PBXFileReference; lastKnownFileType = sourcecode.swift; path = TestCaseTests.swift; sourceTree = "<group>"; };
		A820A79A288E77500076A4E0 /* TestCaseUITests.xctest */ = {isa = PBXFileReference; explicitFileType = wrapper.cfbundle; includeInIndex = 0; path = TestCaseUITests.xctest; sourceTree = BUILT_PRODUCTS_DIR; };
		A820A79E288E77500076A4E0 /* TestCaseUITests.swift */ = {isa = PBXFileReference; lastKnownFileType = sourcecode.swift; path = TestCaseUITests.swift; sourceTree = "<group>"; };
		A820A7A0288E77500076A4E0 /* TestCaseUITestsLaunchTests.swift */ = {isa = PBXFileReference; lastKnownFileType = sourcecode.swift; path = TestCaseUITestsLaunchTests.swift; sourceTree = "<group>"; };
		A820A7B0288E787C0076A4E0 /* ResponseDataModel.swift */ = {isa = PBXFileReference; lastKnownFileType = sourcecode.swift; path = ResponseDataModel.swift; sourceTree = "<group>"; };
		A820A7B2288E7AF70076A4E0 /* HomeViewModel.swift */ = {isa = PBXFileReference; lastKnownFileType = sourcecode.swift; path = HomeViewModel.swift; sourceTree = "<group>"; };
		A820A7B7288E7B8F0076A4E0 /* DetailView.swift */ = {isa = PBXFileReference; lastKnownFileType = sourcecode.swift; path = DetailView.swift; sourceTree = "<group>"; };
		A820A7BB288E7BC40076A4E0 /* ResultViewModel.swift */ = {isa = PBXFileReference; lastKnownFileType = sourcecode.swift; path = ResultViewModel.swift; sourceTree = "<group>"; };
		A820A7C4288EA9240076A4E0 /* CollectionRowView.swift */ = {isa = PBXFileReference; lastKnownFileType = sourcecode.swift; path = CollectionRowView.swift; sourceTree = "<group>"; };
		A820A7C7288EDEDF0076A4E0 /* Constants.swift */ = {isa = PBXFileReference; lastKnownFileType = sourcecode.swift; path = Constants.swift; sourceTree = "<group>"; };
/* End PBXFileReference section */

/* Begin PBXFrameworksBuildPhase section */
		A820A778288E774E0076A4E0 /* Frameworks */ = {
			isa = PBXFrameworksBuildPhase;
			buildActionMask = 2147483647;
			files = (
				A820A7C1288E82E60076A4E0 /* Alamofire in Frameworks */,
			);
			runOnlyForDeploymentPostprocessing = 0;
		};
		A820A78D288E77500076A4E0 /* Frameworks */ = {
			isa = PBXFrameworksBuildPhase;
			buildActionMask = 2147483647;
			files = (
			);
			runOnlyForDeploymentPostprocessing = 0;
		};
		A820A797288E77500076A4E0 /* Frameworks */ = {
			isa = PBXFrameworksBuildPhase;
			buildActionMask = 2147483647;
			files = (
			);
			runOnlyForDeploymentPostprocessing = 0;
		};
/* End PBXFrameworksBuildPhase section */

/* Begin PBXGroup section */
		A820A772288E774E0076A4E0 = {
			isa = PBXGroup;
			children = (
				A820A77D288E774F0076A4E0 /* TestCase */,
				A820A793288E77500076A4E0 /* TestCaseTests */,
				A820A79D288E77500076A4E0 /* TestCaseUITests */,
				A820A77C288E774F0076A4E0 /* Products */,
			);
			sourceTree = "<group>";
		};
		A820A77C288E774F0076A4E0 /* Products */ = {
			isa = PBXGroup;
			children = (
				A820A77B288E774F0076A4E0 /* TestCase.app */,
				A820A790288E77500076A4E0 /* TestCaseTests.xctest */,
				A820A79A288E77500076A4E0 /* TestCaseUITests.xctest */,
			);
			name = Products;
			sourceTree = "<group>";
		};
		A820A77D288E774F0076A4E0 /* TestCase */ = {
			isa = PBXGroup;
			children = (
				A820A77E288E774F0076A4E0 /* TestCaseApp.swift */,
				A820A7B6288E7B3C0076A4E0 /* NetworkLayer */,
				A820A7C6288EDECC0076A4E0 /* Helper */,
				A820A7AF288E785E0076A4E0 /* ViewModel */,
				A820A7AE288E78570076A4E0 /* Model */,
				A820A7AD288E78510076A4E0 /* View */,
				A820A782288E77500076A4E0 /* Assets.xcassets */,
				A820A787288E77500076A4E0 /* PersistenceManager.swift */,
				A820A789288E77500076A4E0 /* TestCase.xcdatamodeld */,
				A820A784288E77500076A4E0 /* Preview Content */,
			);
			path = TestCase;
			sourceTree = "<group>";
		};
		A820A784288E77500076A4E0 /* Preview Content */ = {
			isa = PBXGroup;
			children = (
				A820A785288E77500076A4E0 /* Preview Assets.xcassets */,
			);
			path = "Preview Content";
			sourceTree = "<group>";
		};
		A820A793288E77500076A4E0 /* TestCaseTests */ = {
			isa = PBXGroup;
			children = (
				A820A794288E77500076A4E0 /* TestCaseTests.swift */,
			);
			path = TestCaseTests;
			sourceTree = "<group>";
		};
		A820A79D288E77500076A4E0 /* TestCaseUITests */ = {
			isa = PBXGroup;
			children = (
				A820A79E288E77500076A4E0 /* TestCaseUITests.swift */,
				A820A7A0288E77500076A4E0 /* TestCaseUITestsLaunchTests.swift */,
			);
			path = TestCaseUITests;
			sourceTree = "<group>";
		};
		A820A7AD288E78510076A4E0 /* View */ = {
			isa = PBXGroup;
			children = (
				A820A780288E774F0076A4E0 /* HomeView.swift */,
				A820A7C4288EA9240076A4E0 /* CollectionRowView.swift */,
				A820A7B7288E7B8F0076A4E0 /* DetailView.swift */,
			);
			path = View;
			sourceTree = "<group>";
		};
		A820A7AE288E78570076A4E0 /* Model */ = {
			isa = PBXGroup;
			children = (
				A820A7B0288E787C0076A4E0 /* ResponseDataModel.swift */,
			);
			path = Model;
			sourceTree = "<group>";
		};
		A820A7AF288E785E0076A4E0 /* ViewModel */ = {
			isa = PBXGroup;
			children = (
				A820A7BB288E7BC40076A4E0 /* ResultViewModel.swift */,
			);
			path = ViewModel;
			sourceTree = "<group>";
		};
		A820A7B6288E7B3C0076A4E0 /* NetworkLayer */ = {
			isa = PBXGroup;
			children = (
				A820A7B2288E7AF70076A4E0 /* HomeViewModel.swift */,
			);
			path = NetworkLayer;
			sourceTree = "<group>";
		};
		A820A7C6288EDECC0076A4E0 /* Helper */ = {
			isa = PBXGroup;
			children = (
				A820A7C7288EDEDF0076A4E0 /* Constants.swift */,
			);
			path = Helper;
			sourceTree = "<group>";
		};
/* End PBXGroup section */

/* Begin PBXNativeTarget section */
		A820A77A288E774E0076A4E0 /* TestCase */ = {
			isa = PBXNativeTarget;
			buildConfigurationList = A820A7A4288E77500076A4E0 /* Build configuration list for PBXNativeTarget "TestCase" */;
			buildPhases = (
				A820A777288E774E0076A4E0 /* Sources */,
				A820A778288E774E0076A4E0 /* Frameworks */,
				A820A779288E774E0076A4E0 /* Resources */,
			);
			buildRules = (
			);
			dependencies = (
			);
			name = TestCase;
			packageProductDependencies = (
				A820A7C0288E82E60076A4E0 /* Alamofire */,
			);
			productName = TestCase;
			productReference = A820A77B288E774F0076A4E0 /* TestCase.app */;
			productType = "com.apple.product-type.application";
		};
		A820A78F288E77500076A4E0 /* TestCaseTests */ = {
			isa = PBXNativeTarget;
			buildConfigurationList = A820A7A7288E77500076A4E0 /* Build configuration list for PBXNativeTarget "TestCaseTests" */;
			buildPhases = (
				A820A78C288E77500076A4E0 /* Sources */,
				A820A78D288E77500076A4E0 /* Frameworks */,
				A820A78E288E77500076A4E0 /* Resources */,
			);
			buildRules = (
			);
			dependencies = (
				A820A792288E77500076A4E0 /* PBXTargetDependency */,
			);
			name = TestCaseTests;
			productName = TestCaseTests;
			productReference = A820A790288E77500076A4E0 /* TestCaseTests.xctest */;
			productType = "com.apple.product-type.bundle.unit-test";
		};
		A820A799288E77500076A4E0 /* TestCaseUITests */ = {
			isa = PBXNativeTarget;
			buildConfigurationList = A820A7AA288E77500076A4E0 /* Build configuration list for PBXNativeTarget "TestCaseUITests" */;
			buildPhases = (
				A820A796288E77500076A4E0 /* Sources */,
				A820A797288E77500076A4E0 /* Frameworks */,
				A820A798288E77500076A4E0 /* Resources */,
			);
			buildRules = (
			);
			dependencies = (
				A820A79C288E77500076A4E0 /* PBXTargetDependency */,
			);
			name = TestCaseUITests;
			productName = TestCaseUITests;
			productReference = A820A79A288E77500076A4E0 /* TestCaseUITests.xctest */;
			productType = "com.apple.product-type.bundle.ui-testing";
		};
/* End PBXNativeTarget section */

/* Begin PBXProject section */
		A820A773288E774E0076A4E0 /* Project object */ = {
			isa = PBXProject;
			attributes = {
				BuildIndependentTargetsInParallel = 1;
				LastSwiftUpdateCheck = 1310;
				LastUpgradeCheck = 1310;
				TargetAttributes = {
					A820A77A288E774E0076A4E0 = {
						CreatedOnToolsVersion = 13.1;
					};
					A820A78F288E77500076A4E0 = {
						CreatedOnToolsVersion = 13.1;
						TestTargetID = A820A77A288E774E0076A4E0;
					};
					A820A799288E77500076A4E0 = {
						CreatedOnToolsVersion = 13.1;
						TestTargetID = A820A77A288E774E0076A4E0;
					};
				};
			};
			buildConfigurationList = A820A776288E774E0076A4E0 /* Build configuration list for PBXProject "TestCase" */;
			compatibilityVersion = "Xcode 13.0";
			developmentRegion = en;
			hasScannedForEncodings = 0;
			knownRegions = (
				en,
				Base,
			);
			mainGroup = A820A772288E774E0076A4E0;
			packageReferences = (
				A820A7BF288E82E60076A4E0 /* XCRemoteSwiftPackageReference "Alamofire" */,
			);
			productRefGroup = A820A77C288E774F0076A4E0 /* Products */;
			projectDirPath = "";
			projectRoot = "";
			targets = (
				A820A77A288E774E0076A4E0 /* TestCase */,
				A820A78F288E77500076A4E0 /* TestCaseTests */,
				A820A799288E77500076A4E0 /* TestCaseUITests */,
			);
		};
/* End PBXProject section */

/* Begin PBXResourcesBuildPhase section */
		A820A779288E774E0076A4E0 /* Resources */ = {
			isa = PBXResourcesBuildPhase;
			buildActionMask = 2147483647;
			files = (
				A820A786288E77500076A4E0 /* Preview Assets.xcassets in Resources */,
				A820A783288E77500076A4E0 /* Assets.xcassets in Resources */,
			);
			runOnlyForDeploymentPostprocessing = 0;
		};
		A820A78E288E77500076A4E0 /* Resources */ = {
			isa = PBXResourcesBuildPhase;
			buildActionMask = 2147483647;
			files = (
			);
			runOnlyForDeploymentPostprocessing = 0;
		};
		A820A798288E77500076A4E0 /* Resources */ = {
			isa = PBXResourcesBuildPhase;
			buildActionMask = 2147483647;
			files = (
			);
			runOnlyForDeploymentPostprocessing = 0;
		};
/* End PBXResourcesBuildPhase section */

/* Begin PBXSourcesBuildPhase section */
		A820A777288E774E0076A4E0 /* Sources */ = {
			isa = PBXSourcesBuildPhase;
			buildActionMask = 2147483647;
			files = (
				A820A788288E77500076A4E0 /* PersistenceManager.swift in Sources */,
				A820A7B3288E7AF70076A4E0 /* HomeViewModel.swift in Sources */,
				A820A78B288E77500076A4E0 /* TestCase.xcdatamodeld in Sources */,
				A820A7BC288E7BC40076A4E0 /* ResultViewModel.swift in Sources */,
				A820A7B8288E7B8F0076A4E0 /* DetailView.swift in Sources */,
				A820A7C8288EDEDF0076A4E0 /* Constants.swift in Sources */,
				A820A781288E774F0076A4E0 /* HomeView.swift in Sources */,
				A820A7C5288EA9250076A4E0 /* CollectionRowView.swift in Sources */,
				A820A77F288E774F0076A4E0 /* TestCaseApp.swift in Sources */,
				A820A7B1288E787C0076A4E0 /* ResponseDataModel.swift in Sources */,
			);
			runOnlyForDeploymentPostprocessing = 0;
		};
		A820A78C288E77500076A4E0 /* Sources */ = {
			isa = PBXSourcesBuildPhase;
			buildActionMask = 2147483647;
			files = (
				A820A795288E77500076A4E0 /* TestCaseTests.swift in Sources */,
			);
			runOnlyForDeploymentPostprocessing = 0;
		};
		A820A796288E77500076A4E0 /* Sources */ = {
			isa = PBXSourcesBuildPhase;
			buildActionMask = 2147483647;
			files = (
				A820A7A1288E77500076A4E0 /* TestCaseUITestsLaunchTests.swift in Sources */,
				A820A79F288E77500076A4E0 /* TestCaseUITests.swift in Sources */,
			);
			runOnlyForDeploymentPostprocessing = 0;
		};
/* End PBXSourcesBuildPhase section */

/* Begin PBXTargetDependency section */
		A820A792288E77500076A4E0 /* PBXTargetDependency */ = {
			isa = PBXTargetDependency;
			target = A820A77A288E774E0076A4E0 /* TestCase */;
			targetProxy = A820A791288E77500076A4E0 /* PBXContainerItemProxy */;
		};
		A820A79C288E77500076A4E0 /* PBXTargetDependency */ = {
			isa = PBXTargetDependency;
			target = A820A77A288E774E0076A4E0 /* TestCase */;
			targetProxy = A820A79B288E77500076A4E0 /* PBXContainerItemProxy */;
		};
/* End PBXTargetDependency section */

/* Begin XCBuildConfiguration section */
		A820A7A2288E77500076A4E0 /* Debug */ = {
			isa = XCBuildConfiguration;
			buildSettings = {
				ALWAYS_SEARCH_USER_PATHS = NO;
				CLANG_ANALYZER_NONNULL = YES;
				CLANG_ANALYZER_NUMBER_OBJECT_CONVERSION = YES_AGGRESSIVE;
				CLANG_CXX_LANGUAGE_STANDARD = "gnu++17";
				CLANG_CXX_LIBRARY = "libc++";
				CLANG_ENABLE_MODULES = YES;
				CLANG_ENABLE_OBJC_ARC = YES;
				CLANG_ENABLE_OBJC_WEAK = YES;
				CLANG_WARN_BLOCK_CAPTURE_AUTORELEASING = YES;
				CLANG_WARN_BOOL_CONVERSION = YES;
				CLANG_WARN_COMMA = YES;
				CLANG_WARN_CONSTANT_CONVERSION = YES;
				CLANG_WARN_DEPRECATED_OBJC_IMPLEMENTATIONS = YES;
				CLANG_WARN_DIRECT_OBJC_ISA_USAGE = YES_ERROR;
				CLANG_WARN_DOCUMENTATION_COMMENTS = YES;
				CLANG_WARN_EMPTY_BODY = YES;
				CLANG_WARN_ENUM_CONVERSION = YES;
				CLANG_WARN_INFINITE_RECURSION = YES;
				CLANG_WARN_INT_CONVERSION = YES;
				CLANG_WARN_NON_LITERAL_NULL_CONVERSION = YES;
				CLANG_WARN_OBJC_IMPLICIT_RETAIN_SELF = YES;
				CLANG_WARN_OBJC_LITERAL_CONVERSION = YES;
				CLANG_WARN_OBJC_ROOT_CLASS = YES_ERROR;
				CLANG_WARN_QUOTED_INCLUDE_IN_FRAMEWORK_HEADER = YES;
				CLANG_WARN_RANGE_LOOP_ANALYSIS = YES;
				CLANG_WARN_STRICT_PROTOTYPES = YES;
				CLANG_WARN_SUSPICIOUS_MOVE = YES;
				CLANG_WARN_UNGUARDED_AVAILABILITY = YES_AGGRESSIVE;
				CLANG_WARN_UNREACHABLE_CODE = YES;
				CLANG_WARN__DUPLICATE_METHOD_MATCH = YES;
				COPY_PHASE_STRIP = NO;
				DEBUG_INFORMATION_FORMAT = dwarf;
				ENABLE_STRICT_OBJC_MSGSEND = YES;
				ENABLE_TESTABILITY = YES;
				GCC_C_LANGUAGE_STANDARD = gnu11;
				GCC_DYNAMIC_NO_PIC = NO;
				GCC_NO_COMMON_BLOCKS = YES;
				GCC_OPTIMIZATION_LEVEL = 0;
				GCC_PREPROCESSOR_DEFINITIONS = (
					"DEBUG=1",
					"$(inherited)",
				);
				GCC_WARN_64_TO_32_BIT_CONVERSION = YES;
				GCC_WARN_ABOUT_RETURN_TYPE = YES_ERROR;
				GCC_WARN_UNDECLARED_SELECTOR = YES;
				GCC_WARN_UNINITIALIZED_AUTOS = YES_AGGRESSIVE;
				GCC_WARN_UNUSED_FUNCTION = YES;
				GCC_WARN_UNUSED_VARIABLE = YES;
				IPHONEOS_DEPLOYMENT_TARGET = 15.0;
				MTL_ENABLE_DEBUG_INFO = INCLUDE_SOURCE;
				MTL_FAST_MATH = YES;
				ONLY_ACTIVE_ARCH = YES;
				SDKROOT = iphoneos;
				SWIFT_ACTIVE_COMPILATION_CONDITIONS = DEBUG;
				SWIFT_OPTIMIZATION_LEVEL = "-Onone";
			};
			name = Debug;
		};
		A820A7A3288E77500076A4E0 /* Release */ = {
			isa = XCBuildConfiguration;
			buildSettings = {
				ALWAYS_SEARCH_USER_PATHS = NO;
				CLANG_ANALYZER_NONNULL = YES;
				CLANG_ANALYZER_NUMBER_OBJECT_CONVERSION = YES_AGGRESSIVE;
				CLANG_CXX_LANGUAGE_STANDARD = "gnu++17";
				CLANG_CXX_LIBRARY = "libc++";
				CLANG_ENABLE_MODULES = YES;
				CLANG_ENABLE_OBJC_ARC = YES;
				CLANG_ENABLE_OBJC_WEAK = YES;
				CLANG_WARN_BLOCK_CAPTURE_AUTORELEASING = YES;
				CLANG_WARN_BOOL_CONVERSION = YES;
				CLANG_WARN_COMMA = YES;
				CLANG_WARN_CONSTANT_CONVERSION = YES;
				CLANG_WARN_DEPRECATED_OBJC_IMPLEMENTATIONS = YES;
				CLANG_WARN_DIRECT_OBJC_ISA_USAGE = YES_ERROR;
				CLANG_WARN_DOCUMENTATION_COMMENTS = YES;
				CLANG_WARN_EMPTY_BODY = YES;
				CLANG_WARN_ENUM_CONVERSION = YES;
				CLANG_WARN_INFINITE_RECURSION = YES;
				CLANG_WARN_INT_CONVERSION = YES;
				CLANG_WARN_NON_LITERAL_NULL_CONVERSION = YES;
				CLANG_WARN_OBJC_IMPLICIT_RETAIN_SELF = YES;
				CLANG_WARN_OBJC_LITERAL_CONVERSION = YES;
				CLANG_WARN_OBJC_ROOT_CLASS = YES_ERROR;
				CLANG_WARN_QUOTED_INCLUDE_IN_FRAMEWORK_HEADER = YES;
				CLANG_WARN_RANGE_LOOP_ANALYSIS = YES;
				CLANG_WARN_STRICT_PROTOTYPES = YES;
				CLANG_WARN_SUSPICIOUS_MOVE = YES;
				CLANG_WARN_UNGUARDED_AVAILABILITY = YES_AGGRESSIVE;
				CLANG_WARN_UNREACHABLE_CODE = YES;
				CLANG_WARN__DUPLICATE_METHOD_MATCH = YES;
				COPY_PHASE_STRIP = NO;
				DEBUG_INFORMATION_FORMAT = "dwarf-with-dsym";
				ENABLE_NS_ASSERTIONS = NO;
				ENABLE_STRICT_OBJC_MSGSEND = YES;
				GCC_C_LANGUAGE_STANDARD = gnu11;
				GCC_NO_COMMON_BLOCKS = YES;
				GCC_WARN_64_TO_32_BIT_CONVERSION = YES;
				GCC_WARN_ABOUT_RETURN_TYPE = YES_ERROR;
				GCC_WARN_UNDECLARED_SELECTOR = YES;
				GCC_WARN_UNINITIALIZED_AUTOS = YES_AGGRESSIVE;
				GCC_WARN_UNUSED_FUNCTION = YES;
				GCC_WARN_UNUSED_VARIABLE = YES;
				IPHONEOS_DEPLOYMENT_TARGET = 15.0;
				MTL_ENABLE_DEBUG_INFO = NO;
				MTL_FAST_MATH = YES;
				SDKROOT = iphoneos;
				SWIFT_COMPILATION_MODE = wholemodule;
				SWIFT_OPTIMIZATION_LEVEL = "-O";
				VALIDATE_PRODUCT = YES;
			};
			name = Release;
		};
		A820A7A5288E77500076A4E0 /* Debug */ = {
			isa = XCBuildConfiguration;
			buildSettings = {
				ASSETCATALOG_COMPILER_APPICON_NAME = AppIcon;
				ASSETCATALOG_COMPILER_GLOBAL_ACCENT_COLOR_NAME = AccentColor;
				CODE_SIGN_STYLE = Automatic;
				CURRENT_PROJECT_VERSION = 1;
				DEVELOPMENT_ASSET_PATHS = "\"TestCase/Preview Content\"";
				DEVELOPMENT_TEAM = 69VU96BCPE;
				ENABLE_PREVIEWS = YES;
				GENERATE_INFOPLIST_FILE = YES;
				INFOPLIST_KEY_UIApplicationSceneManifest_Generation = YES;
				INFOPLIST_KEY_UIApplicationSupportsIndirectInputEvents = YES;
				INFOPLIST_KEY_UILaunchScreen_Generation = YES;
				INFOPLIST_KEY_UISupportedInterfaceOrientations_iPad = "UIInterfaceOrientationPortrait UIInterfaceOrientationPortraitUpsideDown UIInterfaceOrientationLandscapeLeft UIInterfaceOrientationLandscapeRight";
				INFOPLIST_KEY_UISupportedInterfaceOrientations_iPhone = "UIInterfaceOrientationPortrait UIInterfaceOrientationLandscapeLeft UIInterfaceOrientationLandscapeRight";
				LD_RUNPATH_SEARCH_PATHS = (
					"$(inherited)",
					"@executable_path/Frameworks",
				);
				MARKETING_VERSION = 1.0;
				PRODUCT_BUNDLE_IDENTIFIER = sss.TestCase;
				PRODUCT_NAME = "$(TARGET_NAME)";
				SWIFT_EMIT_LOC_STRINGS = YES;
				SWIFT_VERSION = 5.0;
				TARGETED_DEVICE_FAMILY = "1,2";
			};
			name = Debug;
		};
		A820A7A6288E77500076A4E0 /* Release */ = {
			isa = XCBuildConfiguration;
			buildSettings = {
				ASSETCATALOG_COMPILER_APPICON_NAME = AppIcon;
				ASSETCATALOG_COMPILER_GLOBAL_ACCENT_COLOR_NAME = AccentColor;
				CODE_SIGN_STYLE = Automatic;
				CURRENT_PROJECT_VERSION = 1;
				DEVELOPMENT_ASSET_PATHS = "\"TestCase/Preview Content\"";
				DEVELOPMENT_TEAM = 69VU96BCPE;
				ENABLE_PREVIEWS = YES;
				GENERATE_INFOPLIST_FILE = YES;
				INFOPLIST_KEY_UIApplicationSceneManifest_Generation = YES;
				INFOPLIST_KEY_UIApplicationSupportsIndirectInputEvents = YES;
				INFOPLIST_KEY_UILaunchScreen_Generation = YES;
				INFOPLIST_KEY_UISupportedInterfaceOrientations_iPad = "UIInterfaceOrientationPortrait UIInterfaceOrientationPortraitUpsideDown UIInterfaceOrientationLandscapeLeft UIInterfaceOrientationLandscapeRight";
				INFOPLIST_KEY_UISupportedInterfaceOrientations_iPhone = "UIInterfaceOrientationPortrait UIInterfaceOrientationLandscapeLeft UIInterfaceOrientationLandscapeRight";
				LD_RUNPATH_SEARCH_PATHS = (
					"$(inherited)",
					"@executable_path/Frameworks",
				);
				MARKETING_VERSION = 1.0;
				PRODUCT_BUNDLE_IDENTIFIER = sss.TestCase;
				PRODUCT_NAME = "$(TARGET_NAME)";
				SWIFT_EMIT_LOC_STRINGS = YES;
				SWIFT_VERSION = 5.0;
				TARGETED_DEVICE_FAMILY = "1,2";
			};
			name = Release;
		};
		A820A7A8288E77500076A4E0 /* Debug */ = {
			isa = XCBuildConfiguration;
			buildSettings = {
				ALWAYS_EMBED_SWIFT_STANDARD_LIBRARIES = YES;
				BUNDLE_LOADER = "$(TEST_HOST)";
				CODE_SIGN_STYLE = Automatic;
				CURRENT_PROJECT_VERSION = 1;
				DEVELOPMENT_TEAM = 69VU96BCPE;
				GENERATE_INFOPLIST_FILE = YES;
				IPHONEOS_DEPLOYMENT_TARGET = 15.0;
				LD_RUNPATH_SEARCH_PATHS = (
					"$(inherited)",
					"@executable_path/Frameworks",
					"@loader_path/Frameworks",
				);
				MARKETING_VERSION = 1.0;
				PRODUCT_BUNDLE_IDENTIFIER = sss.TestCaseTests;
				PRODUCT_NAME = "$(TARGET_NAME)";
				SWIFT_EMIT_LOC_STRINGS = NO;
				SWIFT_VERSION = 5.0;
				TARGETED_DEVICE_FAMILY = "1,2";
				TEST_HOST = "$(BUILT_PRODUCTS_DIR)/TestCase.app/TestCase";
			};
			name = Debug;
		};
		A820A7A9288E77500076A4E0 /* Release */ = {
			isa = XCBuildConfiguration;
			buildSettings = {
				ALWAYS_EMBED_SWIFT_STANDARD_LIBRARIES = YES;
				BUNDLE_LOADER = "$(TEST_HOST)";
				CODE_SIGN_STYLE = Automatic;
				CURRENT_PROJECT_VERSION = 1;
				DEVELOPMENT_TEAM = 69VU96BCPE;
				GENERATE_INFOPLIST_FILE = YES;
				IPHONEOS_DEPLOYMENT_TARGET = 15.0;
				LD_RUNPATH_SEARCH_PATHS = (
					"$(inherited)",
					"@executable_path/Frameworks",
					"@loader_path/Frameworks",
				);
				MARKETING_VERSION = 1.0;
				PRODUCT_BUNDLE_IDENTIFIER = sss.TestCaseTests;
				PRODUCT_NAME = "$(TARGET_NAME)";
				SWIFT_EMIT_LOC_STRINGS = NO;
				SWIFT_VERSION = 5.0;
				TARGETED_DEVICE_FAMILY = "1,2";
				TEST_HOST = "$(BUILT_PRODUCTS_DIR)/TestCase.app/TestCase";
			};
			name = Release;
		};
		A820A7AB288E77500076A4E0 /* Debug */ = {
			isa = XCBuildConfiguration;
			buildSettings = {
				ALWAYS_EMBED_SWIFT_STANDARD_LIBRARIES = YES;
				CODE_SIGN_STYLE = Automatic;
				CURRENT_PROJECT_VERSION = 1;
				DEVELOPMENT_TEAM = 69VU96BCPE;
				GENERATE_INFOPLIST_FILE = YES;
				LD_RUNPATH_SEARCH_PATHS = (
					"$(inherited)",
					"@executable_path/Frameworks",
					"@loader_path/Frameworks",
				);
				MARKETING_VERSION = 1.0;
				PRODUCT_BUNDLE_IDENTIFIER = sss.TestCaseUITests;
				PRODUCT_NAME = "$(TARGET_NAME)";
				SWIFT_EMIT_LOC_STRINGS = NO;
				SWIFT_VERSION = 5.0;
				TARGETED_DEVICE_FAMILY = "1,2";
				TEST_TARGET_NAME = TestCase;
			};
			name = Debug;
		};
		A820A7AC288E77500076A4E0 /* Release */ = {
			isa = XCBuildConfiguration;
			buildSettings = {
				ALWAYS_EMBED_SWIFT_STANDARD_LIBRARIES = YES;
				CODE_SIGN_STYLE = Automatic;
				CURRENT_PROJECT_VERSION = 1;
				DEVELOPMENT_TEAM = 69VU96BCPE;
				GENERATE_INFOPLIST_FILE = YES;
				LD_RUNPATH_SEARCH_PATHS = (
					"$(inherited)",
					"@executable_path/Frameworks",
					"@loader_path/Frameworks",
				);
				MARKETING_VERSION = 1.0;
				PRODUCT_BUNDLE_IDENTIFIER = sss.TestCaseUITests;
				PRODUCT_NAME = "$(TARGET_NAME)";
				SWIFT_EMIT_LOC_STRINGS = NO;
				SWIFT_VERSION = 5.0;
				TARGETED_DEVICE_FAMILY = "1,2";
				TEST_TARGET_NAME = TestCase;
			};
			name = Release;
		};
/* End XCBuildConfiguration section */

/* Begin XCConfigurationList section */
		A820A776288E774E0076A4E0 /* Build configuration list for PBXProject "TestCase" */ = {
			isa = XCConfigurationList;
			buildConfigurations = (
				A820A7A2288E77500076A4E0 /* Debug */,
				A820A7A3288E77500076A4E0 /* Release */,
			);
			defaultConfigurationIsVisible = 0;
			defaultConfigurationName = Release;
		};
		A820A7A4288E77500076A4E0 /* Build configuration list for PBXNativeTarget "TestCase" */ = {
			isa = XCConfigurationList;
			buildConfigurations = (
				A820A7A5288E77500076A4E0 /* Debug */,
				A820A7A6288E77500076A4E0 /* Release */,
			);
			defaultConfigurationIsVisible = 0;
			defaultConfigurationName = Release;
		};
		A820A7A7288E77500076A4E0 /* Build configuration list for PBXNativeTarget "TestCaseTests" */ = {
			isa = XCConfigurationList;
			buildConfigurations = (
				A820A7A8288E77500076A4E0 /* Debug */,
				A820A7A9288E77500076A4E0 /* Release */,
			);
			defaultConfigurationIsVisible = 0;
			defaultConfigurationName = Release;
		};
		A820A7AA288E77500076A4E0 /* Build configuration list for PBXNativeTarget "TestCaseUITests" */ = {
			isa = XCConfigurationList;
			buildConfigurations = (
				A820A7AB288E77500076A4E0 /* Debug */,
				A820A7AC288E77500076A4E0 /* Release */,
			);
			defaultConfigurationIsVisible = 0;
			defaultConfigurationName = Release;
		};
/* End XCConfigurationList section */

/* Begin XCRemoteSwiftPackageReference section */
		A820A7BF288E82E60076A4E0 /* XCRemoteSwiftPackageReference "Alamofire" */ = {
			isa = XCRemoteSwiftPackageReference;
			repositoryURL = "https://github.com/Alamofire/Alamofire.git";
			requirement = {
				kind = upToNextMajorVersion;
				minimumVersion = 5.0.0;
			};
		};
/* End XCRemoteSwiftPackageReference section */

/* Begin XCSwiftPackageProductDependency section */
		A820A7C0288E82E60076A4E0 /* Alamofire */ = {
			isa = XCSwiftPackageProductDependency;
			package = A820A7BF288E82E60076A4E0 /* XCRemoteSwiftPackageReference "Alamofire" */;
			productName = Alamofire;
		};
/* End XCSwiftPackageProductDependency section */

/* Begin XCVersionGroup section */
		A820A789288E77500076A4E0 /* TestCase.xcdatamodeld */ = {
			isa = XCVersionGroup;
			children = (
				A820A78A288E77500076A4E0 /* TestCase.xcdatamodel */,
			);
			currentVersion = A820A78A288E77500076A4E0 /* TestCase.xcdatamodel */;
			path = TestCase.xcdatamodeld;
			sourceTree = "<group>";
			versionGroupType = wrapper.xcdatamodel;
		};
/* End XCVersionGroup section */
	};
	rootObject = A820A773288E774E0076A4E0 /* Project object */;
}
